
Microsoft Visual Studio Solution File, Format Version 12.00
# Visual Studio 15
VisualStudioVersion = 15.0.28010.2046
MinimumVisualStudioVersion = 10.0.40219.1
Project("{FAE04EC0-301F-11D3-BF4B-00C04F79EFBC}") = "International Jobs Portal", "International Jobs Portal\International Jobs Portal.csproj", "{8D57B388-6F61-4AF2-A69F-C033C36C1FF0}"
EndProject
Global
	GlobalSection(SolutionConfigurationPlatforms) = preSolution
		Debug|Any CPU = Debug|Any CPU
		Release|Any CPU = Release|Any CPU
	EndGlobalSection
	GlobalSection(ProjectConfigurationPlatforms) = postSolution
		{8D57B388-6F61-4AF2-A69F-C033C36C1FF0}.Debug|Any CPU.ActiveCfg = Debug|Any CPU
		{8D57B388-6F61-4AF2-A69F-C033C36C1FF0}.Debug|Any CPU.Build.0 = Debug|Any CPU
		{8D57B388-6F61-4AF2-A69F-C033C36C1FF0}.Release|Any CPU.ActiveCfg = Release|Any CPU
		{8D57B388-6F61-4AF2-A69F-C033C36C1FF0}.Release|Any CPU.Build.0 = Release|Any CPU
	EndGlobalSection
	GlobalSection(SolutionProperties) = preSolution
		HideSolutionNode = FALSE
	EndGlobalSection
	GlobalSection(ExtensibilityGlobals) = postSolution
		SolutionGuid = {EE6E6042-B524-4285-A043-94E1848574D7}
	EndGlobalSection
EndGlobal
